
Microsoft Visual Studio Solution File, Format Version 12.00
# Visual Studio 2013
VisualStudioVersion = 12.0.31101.0
MinimumVisualStudioVersion = 10.0.40219.1
Project("{8BC9CEB8-8B4A-11D0-8D11-00A0C91BC942}") = "SQLiteWinRTFS", "Source\SQLiteRT.vcxproj", "{DA44F732-B8E6-4AA3-A1F1-C9590D27C03F}"
EndProject
Project("{FAE04EC0-301F-11D3-BF4B-00C04F79EFBC}") = "SQLiteWinRTVFSSample", "Sample\SQLiteWinRTVFSSample.csproj", "{44DDF111-1A87-42FB-BDC3-1FD561A0D0AC}"
EndProject
Global
	GlobalSection(SolutionConfigurationPlatforms) = preSolution
		Debug|ARM = Debug|ARM
		Debug|Win32 = Debug|Win32
		Debug|x64 = Debug|x64
		Debug|x86 = Debug|x86
		Release|ARM = Release|ARM
		Release|Win32 = Release|Win32
		Release|x64 = Release|x64
		Release|x86 = Release|x86
	EndGlobalSection
	GlobalSection(ProjectConfigurationPlatforms) = postSolution
		{DA44F732-B8E6-4AA3-A1F1-C9590D27C03F}.Debug|ARM.ActiveCfg = Debug|ARM
		{DA44F732-B8E6-4AA3-A1F1-C9590D27C03F}.Debug|ARM.Build.0 = Debug|ARM
		{DA44F732-B8E6-4AA3-A1F1-C9590D27C03F}.Debug|Win32.ActiveCfg = Debug|Win32
		{DA44F732-B8E6-4AA3-A1F1-C9590D27C03F}.Debug|Win32.Build.0 = Debug|Win32
		{DA44F732-B8E6-4AA3-A1F1-C9590D27C03F}.Debug|x64.ActiveCfg = Debug|x64
		{DA44F732-B8E6-4AA3-A1F1-C9590D27C03F}.Debug|x64.Build.0 = Debug|x64
		{DA44F732-B8E6-4AA3-A1F1-C9590D27C03F}.Debug|x86.ActiveCfg = Debug|Win32
		{DA44F732-B8E6-4AA3-A1F1-C9590D27C03F}.Debug|x86.Build.0 = Debug|Win32
		{DA44F732-B8E6-4AA3-A1F1-C9590D27C03F}.Release|ARM.ActiveCfg = Release|ARM
		{DA44F732-B8E6-4AA3-A1F1-C9590D27C03F}.Release|ARM.Build.0 = Release|ARM
		{DA44F732-B8E6-4AA3-A1F1-C9590D27C03F}.Release|Win32.ActiveCfg = Release|Win32
		{DA44F732-B8E6-4AA3-A1F1-C9590D27C03F}.Release|Win32.Build.0 = Release|Win32
		{DA44F732-B8E6-4AA3-A1F1-C9590D27C03F}.Release|x64.ActiveCfg = Release|x64
		{DA44F732-B8E6-4AA3-A1F1-C9590D27C03F}.Release|x64.Build.0 = Release|x64
		{DA44F732-B8E6-4AA3-A1F1-C9590D27C03F}.Release|x86.ActiveCfg = Release|Win32
		{DA44F732-B8E6-4AA3-A1F1-C9590D27C03F}.Release|x86.Build.0 = Release|Win32
		{44DDF111-1A87-42FB-BDC3-1FD561A0D0AC}.Debug|ARM.ActiveCfg = Debug|ARM
		{44DDF111-1A87-42FB-BDC3-1FD561A0D0AC}.Debug|ARM.Build.0 = Debug|ARM
		{44DDF111-1A87-42FB-BDC3-1FD561A0D0AC}.Debug|ARM.Deploy.0 = Debug|ARM
		{44DDF111-1A87-42FB-BDC3-1FD561A0D0AC}.Debug|Win32.ActiveCfg = Debug|x86
		{44DDF111-1A87-42FB-BDC3-1FD561A0D0AC}.Debug|Win32.Build.0 = Debug|x86
		{44DDF111-1A87-42FB-BDC3-1FD561A0D0AC}.Debug|Win32.Deploy.0 = Debug|x86
		{44DDF111-1A87-42FB-BDC3-1FD561A0D0AC}.Debug|x64.ActiveCfg = Debug|x64
		{44DDF111-1A87-42FB-BDC3-1FD561A0D0AC}.Debug|x64.Build.0 = Debug|x64
		{44DDF111-1A87-42FB-BDC3-1FD561A0D0AC}.Debug|x64.Deploy.0 = Debug|x64
		{44DDF111-1A87-42FB-BDC3-1FD561A0D0AC}.Debug|x86.ActiveCfg = Debug|x86
		{44DDF111-1A87-42FB-BDC3-1FD561A0D0AC}.Debug|x86.Build.0 = Debug|x86
		{44DDF111-1A87-42FB-BDC3-1FD561A0D0AC}.Debug|x86.Deploy.0 = Debug|x86
		{44DDF111-1A87-42FB-BDC3-1FD561A0D0AC}.Release|ARM.ActiveCfg = Release|ARM
		{44DDF111-1A87-42FB-BDC3-1FD561A0D0AC}.Release|ARM.Build.0 = Release|ARM
		{44DDF111-1A87-42FB-BDC3-1FD561A0D0AC}.Release|ARM.Deploy.0 = Release|ARM
		{44DDF111-1A87-42FB-BDC3-1FD561A0D0AC}.Release|Win32.ActiveCfg = Release|x86
		{44DDF111-1A87-42FB-BDC3-1FD561A0D0AC}.Release|Win32.Build.0 = Release|x86
		{44DDF111-1A87-42FB-BDC3-1FD561A0D0AC}.Release|Win32.Deploy.0 = Release|x86
		{44DDF111-1A87-42FB-BDC3-1FD561A0D0AC}.Release|x64.ActiveCfg = Release|x64
		{44DDF111-1A87-42FB-BDC3-1FD561A0D0AC}.Release|x64.Build.0 = Release|x64
		{44DDF111-1A87-42FB-BDC3-1FD561A0D0AC}.Release|x64.Deploy.0 = Release|x64
		{44DDF111-1A87-42FB-BDC3-1FD561A0D0AC}.Release|x86.ActiveCfg = Release|x86
		{44DDF111-1A87-42FB-BDC3-1FD561A0D0AC}.Release|x86.Build.0 = Release|x86
		{44DDF111-1A87-42FB-BDC3-1FD561A0D0AC}.Release|x86.Deploy.0 = Release|x86
	EndGlobalSection
	GlobalSection(SolutionProperties) = preSolution
		HideSolutionNode = FALSE
	EndGlobalSection
EndGlobal
